
Microsoft Visual Studio Solution File, Format Version 12.00
# Visual Studio Version 17
VisualStudioVersion = 17.11.35431.28
MinimumVisualStudioVersion = 10.0.40219.1
Project("{FAE04EC0-301F-11D3-BF4B-00C04F79EFBC}") = "ShoppingCart", "ShoppingCart\ShoppingCart.csproj", "{15796512-F895-458C-9786-E5A996F6725B}"
EndProject
Global
	GlobalSection(SolutionConfigurationPlatforms) = preSolution
		Debug|Any CPU = Debug|Any CPU
		Release|Any CPU = Release|Any CPU
	EndGlobalSection
	GlobalSection(ProjectConfigurationPlatforms) = postSolution
		{15796512-F895-458C-9786-E5A996F6725B}.Debug|Any CPU.ActiveCfg = Debug|Any CPU
		{15796512-F895-458C-9786-E5A996F6725B}.Debug|Any CPU.Build.0 = Debug|Any CPU
		{15796512-F895-458C-9786-E5A996F6725B}.Release|Any CPU.ActiveCfg = Release|Any CPU
		{15796512-F895-458C-9786-E5A996F6725B}.Release|Any CPU.Build.0 = Release|Any CPU
	EndGlobalSection
	GlobalSection(SolutionProperties) = preSolution
		HideSolutionNode = FALSE
	EndGlobalSection
	GlobalSection(ExtensibilityGlobals) = postSolution
		SolutionGuid = {DF93F806-7B6B-40EB-AF8D-F96C799DE9D6}
	EndGlobalSection
EndGlobal
